
Microsoft Visual Studio Solution File, Format Version 12.00
Project("{2150E333-8FDC-42A3-9474-1A3956D46DE8}") = "5_Harvester", "5_Harvester", "{748302E7-6E85-41B9-8BD5-FD46335848F6}"
EndProject
Project("{FAE04EC0-301F-11D3-BF4B-00C04F79EFBC}") = "Fip.Strive.Harvester.Web", "src\harvest\Fip.Strive.Harvester.Web\Fip.Strive.Harvester.Web.csproj", "{72A6B8C2-5465-4652-B6D0-20706C156A2E}"
EndProject
Project("{FAE04EC0-301F-11D3-BF4B-00C04F79EFBC}") = "Fip.Strive.Harvester.Application", "src\harvest\Fip.Strive.Harvester.Application\Fip.Strive.Harvester.Application.csproj", "{42E61C7C-83F1-4E40-B3C8-8E588CAA4C48}"
EndProject
Project("{2150E333-8FDC-42A3-9474-1A3956D46DE8}") = "1_Files", "1_Files", "{AABAA44B-EF4C-4B62-91EB-6EBDDD40C874}"
	ProjectSection(SolutionItems) = preProject
		.gitignore = .gitignore
		Directory.Build.props = Directory.Build.props
		Directory.Packages.props = Directory.Packages.props
		NuGet.config = NuGet.config
		Readme.md = Readme.md
		.github\workflows\strive.yml = .github\workflows\strive.yml
		make.ps1 = make.ps1
	EndProjectSection
EndProject
Project("{2150E333-8FDC-42A3-9474-1A3956D46DE8}") = "3_Core", "3_Core", "{FB3A030B-304D-4593-8AD3-7E38A1DB9B86}"
EndProject
Project("{FAE04EC0-301F-11D3-BF4B-00C04F79EFBC}") = "Fip.Strive.Core.Domain", "src\core\Fip.Strive.Core.Domain\Fip.Strive.Core.Domain.csproj", "{4FD2F424-C5D1-45D4-A4FC-CFC9098E6A1E}"
EndProject
Project("{2150E333-8FDC-42A3-9474-1A3956D46DE8}") = "2_Docs", "2_Docs", "{14267857-E4E5-429E-AFCE-D1EB6C0F8A1E}"
	ProjectSection(SolutionItems) = preProject
		docs\import-flow.drawio = docs\import-flow.drawio
		docs\pipeline.md = docs\pipeline.md
	EndProjectSection
EndProject
Project("{2150E333-8FDC-42A3-9474-1A3956D46DE8}") = "Tests", "Tests", "{81B23DB6-9714-457F-8BEB-74011CB5405B}"
EndProject
Project("{FAE04EC0-301F-11D3-BF4B-00C04F79EFBC}") = "Fip.Strive.Harvester.Application.UnitTests", "test\harvest\Fip.Strive.Harvester.Application.UnitTests\Fip.Strive.Harvester.Application.UnitTests.csproj", "{FB6542FC-100E-4DD8-B3E8-505C49632B86}"
EndProject
Project("{FAE04EC0-301F-11D3-BF4B-00C04F79EFBC}") = "Fip.Strive.AppHost", "src\Fip.Strive.AppHost\Fip.Strive.AppHost.csproj", "{C7257019-2F1F-478E-93E7-5B425599CE78}"
EndProject
Project("{FAE04EC0-301F-11D3-BF4B-00C04F79EFBC}") = "Fip.Strive.Harvester.Application.ArchitectureTests", "test\harvest\Fip.Strive.Harvester.Application.ArchitectureTests\Fip.Strive.Harvester.Application.ArchitectureTests.csproj", "{594EB166-DCE4-4959-9F89-3C07855EE41F}"
EndProject
Project("{FAE04EC0-301F-11D3-BF4B-00C04F79EFBC}") = "Fip.Strive.Core.Tests", "src\core\Fip.Strive.Core.Tests\Fip.Strive.Core.Tests.csproj", "{48599587-53A9-4A8E-805A-9D4D58FD976D}"
EndProject
Project("{2150E333-8FDC-42A3-9474-1A3956D46DE8}") = "Tests", "Tests", "{D8ABB662-711D-4D09-A55C-91752495B6D5}"
EndProject
Project("{FAE04EC0-301F-11D3-BF4B-00C04F79EFBC}") = "Fip.Strive.Core.Tests.UnitTests", "test\core\Fip.Strive.Core.Tests.UnitTests\Fip.Strive.Core.Tests.UnitTests.csproj", "{8FEA1A12-0AFE-42D3-A4C1-94AA2AA75C04}"
EndProject
Project("{FAE04EC0-301F-11D3-BF4B-00C04F79EFBC}") = "Fip.Strive.Core.Domain.UnitTests", "test\core\Fip.Strive.Core.Domain.UnitTests\Fip.Strive.Core.Domain.UnitTests.csproj", "{771A4B4C-50BD-4EDE-BCB7-1D990204A9FD}"
EndProject
Project("{2150E333-8FDC-42A3-9474-1A3956D46DE8}") = "Files", "Files", "{C4FD9DCD-9908-4582-87F3-F0148D4312D9}"
	ProjectSection(SolutionItems) = preProject
		src\harvest\Directory.Build.props = src\harvest\Directory.Build.props
	EndProjectSection
EndProject
Project("{FAE04EC0-301F-11D3-BF4B-00C04F79EFBC}") = "Fip.Strive.Core.Application", "src\core\Fip.Strive.Core.Application\Fip.Strive.Core.Application.csproj", "{25A175A0-B792-4E2F-9A3B-1FA654EC5ECE}"
EndProject
Project("{FAE04EC0-301F-11D3-BF4B-00C04F79EFBC}") = "Fip.Strive.Core.Ingestion", "src\core\Fip.Strive.Core.Ingestion\Fip.Strive.Core.Ingestion.csproj", "{BBEDDE8E-7EA2-4FCA-8C63-8F892AE5602A}"
EndProject
Project("{2150E333-8FDC-42A3-9474-1A3956D46DE8}") = "4_Portal", "4_Portal", "{91B9CF1B-38AD-4EF8-84DC-88F722055C7B}"
EndProject
Project("{FAE04EC0-301F-11D3-BF4B-00C04F79EFBC}") = "Fip.Strive.Portal.Web", "src\portal\Fip.Strive.Portal.Web\Fip.Strive.Portal.Web.csproj", "{79DBF313-4C4A-40B1-8B32-1B293DEB2E7E}"
EndProject
Project("{FAE04EC0-301F-11D3-BF4B-00C04F79EFBC}") = "Fip.Strive.Core.Web", "src\core\Fip.Strive.Core.Web\Fip.Strive.Core.Web.csproj", "{B92474A2-924F-4B78-8613-4B401DE998DF}"
EndProject
Global
	GlobalSection(SolutionConfigurationPlatforms) = preSolution
		Debug|Any CPU = Debug|Any CPU
		Release|Any CPU = Release|Any CPU
	EndGlobalSection
	GlobalSection(ProjectConfigurationPlatforms) = postSolution
		{72A6B8C2-5465-4652-B6D0-20706C156A2E}.Debug|Any CPU.ActiveCfg = Debug|Any CPU
		{72A6B8C2-5465-4652-B6D0-20706C156A2E}.Debug|Any CPU.Build.0 = Debug|Any CPU
		{72A6B8C2-5465-4652-B6D0-20706C156A2E}.Release|Any CPU.ActiveCfg = Release|Any CPU
		{72A6B8C2-5465-4652-B6D0-20706C156A2E}.Release|Any CPU.Build.0 = Release|Any CPU
		{42E61C7C-83F1-4E40-B3C8-8E588CAA4C48}.Debug|Any CPU.ActiveCfg = Debug|Any CPU
		{42E61C7C-83F1-4E40-B3C8-8E588CAA4C48}.Debug|Any CPU.Build.0 = Debug|Any CPU
		{42E61C7C-83F1-4E40-B3C8-8E588CAA4C48}.Release|Any CPU.ActiveCfg = Release|Any CPU
		{42E61C7C-83F1-4E40-B3C8-8E588CAA4C48}.Release|Any CPU.Build.0 = Release|Any CPU
		{4FD2F424-C5D1-45D4-A4FC-CFC9098E6A1E}.Debug|Any CPU.ActiveCfg = Debug|Any CPU
		{4FD2F424-C5D1-45D4-A4FC-CFC9098E6A1E}.Debug|Any CPU.Build.0 = Debug|Any CPU
		{4FD2F424-C5D1-45D4-A4FC-CFC9098E6A1E}.Release|Any CPU.ActiveCfg = Release|Any CPU
		{4FD2F424-C5D1-45D4-A4FC-CFC9098E6A1E}.Release|Any CPU.Build.0 = Release|Any CPU
		{FB6542FC-100E-4DD8-B3E8-505C49632B86}.Debug|Any CPU.ActiveCfg = Debug|Any CPU
		{FB6542FC-100E-4DD8-B3E8-505C49632B86}.Debug|Any CPU.Build.0 = Debug|Any CPU
		{FB6542FC-100E-4DD8-B3E8-505C49632B86}.Release|Any CPU.ActiveCfg = Release|Any CPU
		{FB6542FC-100E-4DD8-B3E8-505C49632B86}.Release|Any CPU.Build.0 = Release|Any CPU
		{C7257019-2F1F-478E-93E7-5B425599CE78}.Debug|Any CPU.ActiveCfg = Debug|Any CPU
		{C7257019-2F1F-478E-93E7-5B425599CE78}.Debug|Any CPU.Build.0 = Debug|Any CPU
		{C7257019-2F1F-478E-93E7-5B425599CE78}.Release|Any CPU.ActiveCfg = Release|Any CPU
		{C7257019-2F1F-478E-93E7-5B425599CE78}.Release|Any CPU.Build.0 = Release|Any CPU
		{594EB166-DCE4-4959-9F89-3C07855EE41F}.Debug|Any CPU.ActiveCfg = Debug|Any CPU
		{594EB166-DCE4-4959-9F89-3C07855EE41F}.Debug|Any CPU.Build.0 = Debug|Any CPU
		{594EB166-DCE4-4959-9F89-3C07855EE41F}.Release|Any CPU.ActiveCfg = Release|Any CPU
		{594EB166-DCE4-4959-9F89-3C07855EE41F}.Release|Any CPU.Build.0 = Release|Any CPU
		{48599587-53A9-4A8E-805A-9D4D58FD976D}.Debug|Any CPU.ActiveCfg = Debug|Any CPU
		{48599587-53A9-4A8E-805A-9D4D58FD976D}.Debug|Any CPU.Build.0 = Debug|Any CPU
		{48599587-53A9-4A8E-805A-9D4D58FD976D}.Release|Any CPU.ActiveCfg = Release|Any CPU
		{48599587-53A9-4A8E-805A-9D4D58FD976D}.Release|Any CPU.Build.0 = Release|Any CPU
		{8FEA1A12-0AFE-42D3-A4C1-94AA2AA75C04}.Debug|Any CPU.ActiveCfg = Debug|Any CPU
		{8FEA1A12-0AFE-42D3-A4C1-94AA2AA75C04}.Debug|Any CPU.Build.0 = Debug|Any CPU
		{8FEA1A12-0AFE-42D3-A4C1-94AA2AA75C04}.Release|Any CPU.ActiveCfg = Release|Any CPU
		{8FEA1A12-0AFE-42D3-A4C1-94AA2AA75C04}.Release|Any CPU.Build.0 = Release|Any CPU
		{771A4B4C-50BD-4EDE-BCB7-1D990204A9FD}.Debug|Any CPU.ActiveCfg = Debug|Any CPU
		{771A4B4C-50BD-4EDE-BCB7-1D990204A9FD}.Debug|Any CPU.Build.0 = Debug|Any CPU
		{771A4B4C-50BD-4EDE-BCB7-1D990204A9FD}.Release|Any CPU.ActiveCfg = Release|Any CPU
		{771A4B4C-50BD-4EDE-BCB7-1D990204A9FD}.Release|Any CPU.Build.0 = Release|Any CPU
		{25A175A0-B792-4E2F-9A3B-1FA654EC5ECE}.Debug|Any CPU.ActiveCfg = Debug|Any CPU
		{25A175A0-B792-4E2F-9A3B-1FA654EC5ECE}.Debug|Any CPU.Build.0 = Debug|Any CPU
		{25A175A0-B792-4E2F-9A3B-1FA654EC5ECE}.Release|Any CPU.ActiveCfg = Release|Any CPU
		{25A175A0-B792-4E2F-9A3B-1FA654EC5ECE}.Release|Any CPU.Build.0 = Release|Any CPU
		{BBEDDE8E-7EA2-4FCA-8C63-8F892AE5602A}.Debug|Any CPU.ActiveCfg = Debug|Any CPU
		{BBEDDE8E-7EA2-4FCA-8C63-8F892AE5602A}.Debug|Any CPU.Build.0 = Debug|Any CPU
		{BBEDDE8E-7EA2-4FCA-8C63-8F892AE5602A}.Release|Any CPU.ActiveCfg = Release|Any CPU
		{BBEDDE8E-7EA2-4FCA-8C63-8F892AE5602A}.Release|Any CPU.Build.0 = Release|Any CPU
		{79DBF313-4C4A-40B1-8B32-1B293DEB2E7E}.Debug|Any CPU.ActiveCfg = Debug|Any CPU
		{79DBF313-4C4A-40B1-8B32-1B293DEB2E7E}.Debug|Any CPU.Build.0 = Debug|Any CPU
		{79DBF313-4C4A-40B1-8B32-1B293DEB2E7E}.Release|Any CPU.ActiveCfg = Release|Any CPU
		{79DBF313-4C4A-40B1-8B32-1B293DEB2E7E}.Release|Any CPU.Build.0 = Release|Any CPU
		{B92474A2-924F-4B78-8613-4B401DE998DF}.Debug|Any CPU.ActiveCfg = Debug|Any CPU
		{B92474A2-924F-4B78-8613-4B401DE998DF}.Debug|Any CPU.Build.0 = Debug|Any CPU
		{B92474A2-924F-4B78-8613-4B401DE998DF}.Release|Any CPU.ActiveCfg = Release|Any CPU
		{B92474A2-924F-4B78-8613-4B401DE998DF}.Release|Any CPU.Build.0 = Release|Any CPU
	EndGlobalSection
	GlobalSection(NestedProjects) = preSolution
		{72A6B8C2-5465-4652-B6D0-20706C156A2E} = {748302E7-6E85-41B9-8BD5-FD46335848F6}
		{42E61C7C-83F1-4E40-B3C8-8E588CAA4C48} = {748302E7-6E85-41B9-8BD5-FD46335848F6}
		{4FD2F424-C5D1-45D4-A4FC-CFC9098E6A1E} = {FB3A030B-304D-4593-8AD3-7E38A1DB9B86}
		{81B23DB6-9714-457F-8BEB-74011CB5405B} = {748302E7-6E85-41B9-8BD5-FD46335848F6}
		{FB6542FC-100E-4DD8-B3E8-505C49632B86} = {81B23DB6-9714-457F-8BEB-74011CB5405B}
		{594EB166-DCE4-4959-9F89-3C07855EE41F} = {81B23DB6-9714-457F-8BEB-74011CB5405B}
		{48599587-53A9-4A8E-805A-9D4D58FD976D} = {FB3A030B-304D-4593-8AD3-7E38A1DB9B86}
		{D8ABB662-711D-4D09-A55C-91752495B6D5} = {FB3A030B-304D-4593-8AD3-7E38A1DB9B86}
		{8FEA1A12-0AFE-42D3-A4C1-94AA2AA75C04} = {D8ABB662-711D-4D09-A55C-91752495B6D5}
		{771A4B4C-50BD-4EDE-BCB7-1D990204A9FD} = {D8ABB662-711D-4D09-A55C-91752495B6D5}
		{C4FD9DCD-9908-4582-87F3-F0148D4312D9} = {748302E7-6E85-41B9-8BD5-FD46335848F6}
		{25A175A0-B792-4E2F-9A3B-1FA654EC5ECE} = {FB3A030B-304D-4593-8AD3-7E38A1DB9B86}
		{BBEDDE8E-7EA2-4FCA-8C63-8F892AE5602A} = {FB3A030B-304D-4593-8AD3-7E38A1DB9B86}
		{79DBF313-4C4A-40B1-8B32-1B293DEB2E7E} = {91B9CF1B-38AD-4EF8-84DC-88F722055C7B}
		{B92474A2-924F-4B78-8613-4B401DE998DF} = {FB3A030B-304D-4593-8AD3-7E38A1DB9B86}
	EndGlobalSection
EndGlobal
