
Microsoft Visual Studio Solution File, Format Version 12.00
Project("{2150E333-8FDC-42A3-9474-1A3956D46DE8}") = "Harvest", "Harvest", "{748302E7-6E85-41B9-8BD5-FD46335848F6}"
EndProject
Project("{FAE04EC0-301F-11D3-BF4B-00C04F79EFBC}") = "Fip.Strive.Harvester.Web", "src\harvest\Fip.Strive.Harvester.Web\Fip.Strive.Harvester.Web.csproj", "{72A6B8C2-5465-4652-B6D0-20706C156A2E}"
EndProject
Project("{FAE04EC0-301F-11D3-BF4B-00C04F79EFBC}") = "Fip.Strive.Harvester.Application", "src\harvest\Fip.Strive.Harvester.Application\Fip.Strive.Harvester.Application.csproj", "{42E61C7C-83F1-4E40-B3C8-8E588CAA4C48}"
EndProject
Project("{2150E333-8FDC-42A3-9474-1A3956D46DE8}") = "1_Files", "1_Files", "{AABAA44B-EF4C-4B62-91EB-6EBDDD40C874}"
	ProjectSection(SolutionItems) = preProject
		.gitignore = .gitignore
		Directory.Build.props = Directory.Build.props
		Directory.Packages.props = Directory.Packages.props
		NuGet.config = NuGet.config
		Readme.md = Readme.md
		.github\workflows\strive.yml = .github\workflows\strive.yml
		make.ps1 = make.ps1
		add-indexing-migration.ps1 = add-indexing-migration.ps1
		add-queue-migration.ps1 = add-queue-migration.ps1
	EndProjectSection
EndProject
Project("{2150E333-8FDC-42A3-9474-1A3956D46DE8}") = "3_Core", "3_Core", "{FB3A030B-304D-4593-8AD3-7E38A1DB9B86}"
EndProject
Project("{2150E333-8FDC-42A3-9474-1A3956D46DE8}") = "2_Docs", "2_Docs", "{14267857-E4E5-429E-AFCE-D1EB6C0F8A1E}"
	ProjectSection(SolutionItems) = preProject
		docs\import-flow.drawio = docs\import-flow.drawio
		docs\pipeline.md = docs\pipeline.md
	EndProjectSection
EndProject
Project("{2150E333-8FDC-42A3-9474-1A3956D46DE8}") = "Tests", "Tests", "{81B23DB6-9714-457F-8BEB-74011CB5405B}"
EndProject
Project("{FAE04EC0-301F-11D3-BF4B-00C04F79EFBC}") = "Fip.Strive.AppHost", "src\Fip.Strive.AppHost\Fip.Strive.AppHost.csproj", "{C7257019-2F1F-478E-93E7-5B425599CE78}"
EndProject
Project("{FAE04EC0-301F-11D3-BF4B-00C04F79EFBC}") = "Fip.Strive.Harvester.Application.ArchitectureTests", "test\harvest\Fip.Strive.Harvester.Application.ArchitectureTests\Fip.Strive.Harvester.Application.ArchitectureTests.csproj", "{594EB166-DCE4-4959-9F89-3C07855EE41F}"
EndProject
Project("{FAE04EC0-301F-11D3-BF4B-00C04F79EFBC}") = "Fip.Strive.Core.Tests", "src\core\Fip.Strive.Core.Tests\Fip.Strive.Core.Tests.csproj", "{48599587-53A9-4A8E-805A-9D4D58FD976D}"
EndProject
Project("{2150E333-8FDC-42A3-9474-1A3956D46DE8}") = "Tests", "Tests", "{D8ABB662-711D-4D09-A55C-91752495B6D5}"
EndProject
Project("{FAE04EC0-301F-11D3-BF4B-00C04F79EFBC}") = "Fip.Strive.Core.Tests.UnitTests", "test\core\Fip.Strive.Core.Tests.UnitTests\Fip.Strive.Core.Tests.UnitTests.csproj", "{8FEA1A12-0AFE-42D3-A4C1-94AA2AA75C04}"
EndProject
Project("{2150E333-8FDC-42A3-9474-1A3956D46DE8}") = "Files", "Files", "{C4FD9DCD-9908-4582-87F3-F0148D4312D9}"
	ProjectSection(SolutionItems) = preProject
		src\harvest\Directory.Build.props = src\harvest\Directory.Build.props
	EndProjectSection
EndProject
Project("{FAE04EC0-301F-11D3-BF4B-00C04F79EFBC}") = "Fip.Strive.Core.Application", "src\core\Fip.Strive.Core.Application\Fip.Strive.Core.Application.csproj", "{25A175A0-B792-4E2F-9A3B-1FA654EC5ECE}"
EndProject
Project("{2150E333-8FDC-42A3-9474-1A3956D46DE8}") = "Portal", "Portal", "{91B9CF1B-38AD-4EF8-84DC-88F722055C7B}"
EndProject
Project("{FAE04EC0-301F-11D3-BF4B-00C04F79EFBC}") = "Fip.Strive.Portal.Web", "src\portal\Fip.Strive.Portal.Web\Fip.Strive.Portal.Web.csproj", "{79DBF313-4C4A-40B1-8B32-1B293DEB2E7E}"
EndProject
Project("{FAE04EC0-301F-11D3-BF4B-00C04F79EFBC}") = "Fip.Strive.Core.Web", "src\core\Fip.Strive.Core.Web\Fip.Strive.Core.Web.csproj", "{B92474A2-924F-4B78-8613-4B401DE998DF}"
EndProject
Project("{2150E333-8FDC-42A3-9474-1A3956D46DE8}") = "Unify", "Unify", "{5C09624B-5701-4B2C-885D-92828FF794C9}"
EndProject
Project("{FAE04EC0-301F-11D3-BF4B-00C04F79EFBC}") = "Fip.Strive.Unifier.Web", "src\unify\Fip.Strive.Unifier.Web\Fip.Strive.Unifier.Web.csproj", "{8E480BE3-82BB-433F-8964-F7677C143933}"
EndProject
Project("{2150E333-8FDC-42A3-9474-1A3956D46DE8}") = "Files", "Files", "{788A63E3-D6AF-4058-945F-0BDC854679B0}"
	ProjectSection(SolutionItems) = preProject
		src\unify\Directory.Build.props = src\unify\Directory.Build.props
	EndProjectSection
EndProject
Project("{2150E333-8FDC-42A3-9474-1A3956D46DE8}") = "Files", "Files", "{7C6FF596-887B-4679-8DBE-8C7FB0FE07A5}"
	ProjectSection(SolutionItems) = preProject
		src\portal\Directory.Build.props = src\portal\Directory.Build.props
	EndProjectSection
EndProject
Project("{FAE04EC0-301F-11D3-BF4B-00C04F79EFBC}") = "Fip.Strive.Unifier.Application", "src\unify\Fip.Strive.Unifier.Application\Fip.Strive.Unifier.Application.csproj", "{46157816-B238-4C4A-AA23-A8934D2CC2DF}"
EndProject
Project("{2150E333-8FDC-42A3-9474-1A3956D46DE8}") = "Indexing", "Indexing", "{BB6A16AA-0CEF-471E-B3AA-BC12688CBEBE}"
EndProject
Project("{FAE04EC0-301F-11D3-BF4B-00C04F79EFBC}") = "Fip.Strive.Indexing.Application", "src\indexing\Fip.Strive.Indexing.Application\Fip.Strive.Indexing.Application.csproj", "{94BDADDC-4493-4701-852D-4BC20AB6C256}"
EndProject
Project("{FAE04EC0-301F-11D3-BF4B-00C04F79EFBC}") = "Fip.Strive.Indexing.Domain", "src\indexing\Fip.Strive.Indexing.Domain\Fip.Strive.Indexing.Domain.csproj", "{838A60DF-42C8-4921-B9C6-20EFBB9DD0CD}"
EndProject
Project("{FAE04EC0-301F-11D3-BF4B-00C04F79EFBC}") = "Fip.Strive.Indexing.Storage.Postgres.Migrator", "src\indexing\Fip.Strive.Indexing.Storage.Postgres.Migrator\Fip.Strive.Indexing.Storage.Postgres.Migrator.csproj", "{14673839-FC12-48B5-A703-456DEA027024}"
EndProject
Project("{2150E333-8FDC-42A3-9474-1A3956D46DE8}") = "Ingestion", "Ingestion", "{761ECD08-C06A-4480-B360-D0ADA9CAFC92}"
EndProject
Project("{FAE04EC0-301F-11D3-BF4B-00C04F79EFBC}") = "Fip.Strive.Ingestion.Application", "src\ingestion\Fip.Strive.Ingestion.Application\Fip.Strive.Ingestion.Application.csproj", "{1D645966-40D1-4574-ABD5-3A97EAC5D088}"
EndProject
Project("{FAE04EC0-301F-11D3-BF4B-00C04F79EFBC}") = "Fip.Strive.Ingestion.Domain", "src\ingestion\Fip.Strive.Ingestion.Domain\Fip.Strive.Ingestion.Domain.csproj", "{BD500295-A385-4313-BB91-B8C029F49830}"
EndProject
Project("{FAE04EC0-301F-11D3-BF4B-00C04F79EFBC}") = "Fip.Strive.Harvester.Domain", "src\harvest\Fip.Strive.Harvester.Domain\Fip.Strive.Harvester.Domain.csproj", "{C67FD15D-1BDB-4F6B-BF0A-68D7A00C9955}"
EndProject
Project("{2150E333-8FDC-42A3-9474-1A3956D46DE8}") = "Queue", "Queue", "{D1E0562D-635D-4A82-8AF2-7CEAE9E1EBCE}"
EndProject
Project("{FAE04EC0-301F-11D3-BF4B-00C04F79EFBC}") = "Fip.Strive.Queue.Application", "src\queue\Fip.Strive.Queue.Application\Fip.Strive.Queue.Application.csproj", "{9D0CC762-90CE-44FB-8780-C0E91632A628}"
EndProject
Project("{FAE04EC0-301F-11D3-BF4B-00C04F79EFBC}") = "Fip.Strive.Queue.Domain", "src\queue\Fip.Strive.Queue.Domain\Fip.Strive.Queue.Domain.csproj", "{898DECC6-9456-45C9-914A-14498F8BAD8D}"
EndProject
Project("{FAE04EC0-301F-11D3-BF4B-00C04F79EFBC}") = "Fip.Strive.Queue.Application.UnitTests", "test\queue\Fip.Strive.Queue.Application.UnitTests\Fip.Strive.Queue.Application.UnitTests.csproj", "{C2BF7AB6-230D-4307-9D1B-CBB7B1E3DFEA}"
EndProject
Project("{2150E333-8FDC-42A3-9474-1A3956D46DE8}") = "Tests", "Tests", "{C6175912-D625-4070-827D-5E91D30D75D6}"
EndProject
Project("{2150E333-8FDC-42A3-9474-1A3956D46DE8}") = "4_Features", "4_Features", "{1776206B-E2AC-4CD5-895B-72403CA26C93}"
EndProject
Project("{2150E333-8FDC-42A3-9474-1A3956D46DE8}") = "5_Applications", "5_Applications", "{F94B7A1C-1631-440D-984D-4FA68101821C}"
EndProject
Project("{2150E333-8FDC-42A3-9474-1A3956D46DE8}") = "Files", "Files", "{0DDCCE8F-C8AE-4306-9D5F-D5E84BB8D7EB}"
	ProjectSection(SolutionItems) = preProject
		src\queue\Directory.Build.props = src\queue\Directory.Build.props
	EndProjectSection
EndProject
Project("{2150E333-8FDC-42A3-9474-1A3956D46DE8}") = "Files", "Files", "{F0DA503C-2E86-41BF-8770-7FBE5FB2EEC4}"
	ProjectSection(SolutionItems) = preProject
		src\ingestion\Directory.Build.props = src\ingestion\Directory.Build.props
	EndProjectSection
EndProject
Project("{2150E333-8FDC-42A3-9474-1A3956D46DE8}") = "Files", "Files", "{97E91264-DFBA-4BCE-97CA-300EB31A3839}"
	ProjectSection(SolutionItems) = preProject
		src\indexing\Directory.Build.props = src\indexing\Directory.Build.props
	EndProjectSection
EndProject
Project("{FAE04EC0-301F-11D3-BF4B-00C04F79EFBC}") = "Fip.Strive.Queue.Storage.Lite", "src\queue\Fip.Strive.Queue.Storage.Lite\Fip.Strive.Queue.Storage.Lite.csproj", "{D4A67326-7363-4B54-A31B-5A1F43ECC05A}"
EndProject
Project("{FAE04EC0-301F-11D3-BF4B-00C04F79EFBC}") = "Fip.Strive.Queue.Storage.Contracts", "src\queue\Fip.Strive.Queue.Storage.Contracts\Fip.Strive.Queue.Storage.Contracts.csproj", "{DE1A88AE-8514-477E-8072-8AAF5E680012}"
EndProject
Project("{FAE04EC0-301F-11D3-BF4B-00C04F79EFBC}") = "Fip.Strive.Queue.Storage.Memory", "src\queue\Fip.Strive.Queue.Storage.Memory\Fip.Strive.Queue.Storage.Memory.csproj", "{0C23E750-A26C-449D-9DD9-5B803132C420}"
EndProject
Project("{FAE04EC0-301F-11D3-BF4B-00C04F79EFBC}") = "Fip.Strive.Queue.Storage.Postgres", "src\queue\Fip.Strive.Queue.Storage.Postgres\Fip.Strive.Queue.Storage.Postgres.csproj", "{EB72FAA2-D75E-4213-9AEB-EEE21CF032A3}"
EndProject
Project("{FAE04EC0-301F-11D3-BF4B-00C04F79EFBC}") = "Fip.Strive.Queue.Storage.Postgres.Migrator", "src\queue\Fip.Strive.Queue.Storage.Postgres.Migrator\Fip.Strive.Queue.Storage.Postgres.Migrator.csproj", "{0D7F65C7-A23F-4184-B056-E0F2C0E80EF6}"
EndProject
Project("{FAE04EC0-301F-11D3-BF4B-00C04F79EFBC}") = "Fip.Strive.Indexing.Storage.Postgres", "src\indexing\Fip.Strive.Indexing.Storage.Postgres\Fip.Strive.Indexing.Storage.Postgres.csproj", "{0735A49B-FC1A-457D-8049-AE353198A560}"
EndProject
Project("{FAE04EC0-301F-11D3-BF4B-00C04F79EFBC}") = "Fip.Strive.Indexing.Storage.Lite", "src\indexing\Fip.Strive.Indexing.Storage.Lite\Fip.Strive.Indexing.Storage.Lite.csproj", "{12A35C29-02E4-4C17-94FF-8E1EE2199E2D}"
EndProject
Project("{FAE04EC0-301F-11D3-BF4B-00C04F79EFBC}") = "Fip.Strive.Indexing.Storage.Contracts", "src\indexing\Fip.Strive.Indexing.Storage.Contracts\Fip.Strive.Indexing.Storage.Contracts.csproj", "{AD38B01C-CDFD-467E-B17F-35E5881E2633}"
EndProject
Project("{FAE04EC0-301F-11D3-BF4B-00C04F79EFBC}") = "Fip.Strive.Harvester.Pipeline.Import.Cli", "src\harvest\Fip.Strive.Harvester.Pipeline.Import.Cli\Fip.Strive.Harvester.Pipeline.Import.Cli.csproj", "{C500F8D5-15F3-419B-8B8A-27C31AE07B4C}"
EndProject
Project("{2150E333-8FDC-42A3-9474-1A3956D46DE8}") = "Pipeline", "Pipeline", "{E90F5E30-9B2E-4569-AEC4-DA91148F61FF}"
EndProject
Global
	GlobalSection(SolutionConfigurationPlatforms) = preSolution
		Debug|Any CPU = Debug|Any CPU
		Release|Any CPU = Release|Any CPU
	EndGlobalSection
	GlobalSection(ProjectConfigurationPlatforms) = postSolution
		{72A6B8C2-5465-4652-B6D0-20706C156A2E}.Debug|Any CPU.ActiveCfg = Debug|Any CPU
		{72A6B8C2-5465-4652-B6D0-20706C156A2E}.Debug|Any CPU.Build.0 = Debug|Any CPU
		{72A6B8C2-5465-4652-B6D0-20706C156A2E}.Release|Any CPU.ActiveCfg = Release|Any CPU
		{72A6B8C2-5465-4652-B6D0-20706C156A2E}.Release|Any CPU.Build.0 = Release|Any CPU
		{42E61C7C-83F1-4E40-B3C8-8E588CAA4C48}.Debug|Any CPU.ActiveCfg = Debug|Any CPU
		{42E61C7C-83F1-4E40-B3C8-8E588CAA4C48}.Debug|Any CPU.Build.0 = Debug|Any CPU
		{42E61C7C-83F1-4E40-B3C8-8E588CAA4C48}.Release|Any CPU.ActiveCfg = Release|Any CPU
		{42E61C7C-83F1-4E40-B3C8-8E588CAA4C48}.Release|Any CPU.Build.0 = Release|Any CPU
		{C7257019-2F1F-478E-93E7-5B425599CE78}.Debug|Any CPU.ActiveCfg = Debug|Any CPU
		{C7257019-2F1F-478E-93E7-5B425599CE78}.Debug|Any CPU.Build.0 = Debug|Any CPU
		{C7257019-2F1F-478E-93E7-5B425599CE78}.Release|Any CPU.ActiveCfg = Release|Any CPU
		{C7257019-2F1F-478E-93E7-5B425599CE78}.Release|Any CPU.Build.0 = Release|Any CPU
		{594EB166-DCE4-4959-9F89-3C07855EE41F}.Debug|Any CPU.ActiveCfg = Debug|Any CPU
		{594EB166-DCE4-4959-9F89-3C07855EE41F}.Debug|Any CPU.Build.0 = Debug|Any CPU
		{594EB166-DCE4-4959-9F89-3C07855EE41F}.Release|Any CPU.ActiveCfg = Release|Any CPU
		{594EB166-DCE4-4959-9F89-3C07855EE41F}.Release|Any CPU.Build.0 = Release|Any CPU
		{48599587-53A9-4A8E-805A-9D4D58FD976D}.Debug|Any CPU.ActiveCfg = Debug|Any CPU
		{48599587-53A9-4A8E-805A-9D4D58FD976D}.Debug|Any CPU.Build.0 = Debug|Any CPU
		{48599587-53A9-4A8E-805A-9D4D58FD976D}.Release|Any CPU.ActiveCfg = Release|Any CPU
		{48599587-53A9-4A8E-805A-9D4D58FD976D}.Release|Any CPU.Build.0 = Release|Any CPU
		{8FEA1A12-0AFE-42D3-A4C1-94AA2AA75C04}.Debug|Any CPU.ActiveCfg = Debug|Any CPU
		{8FEA1A12-0AFE-42D3-A4C1-94AA2AA75C04}.Debug|Any CPU.Build.0 = Debug|Any CPU
		{8FEA1A12-0AFE-42D3-A4C1-94AA2AA75C04}.Release|Any CPU.ActiveCfg = Release|Any CPU
		{8FEA1A12-0AFE-42D3-A4C1-94AA2AA75C04}.Release|Any CPU.Build.0 = Release|Any CPU
		{25A175A0-B792-4E2F-9A3B-1FA654EC5ECE}.Debug|Any CPU.ActiveCfg = Debug|Any CPU
		{25A175A0-B792-4E2F-9A3B-1FA654EC5ECE}.Debug|Any CPU.Build.0 = Debug|Any CPU
		{25A175A0-B792-4E2F-9A3B-1FA654EC5ECE}.Release|Any CPU.ActiveCfg = Release|Any CPU
		{25A175A0-B792-4E2F-9A3B-1FA654EC5ECE}.Release|Any CPU.Build.0 = Release|Any CPU
		{79DBF313-4C4A-40B1-8B32-1B293DEB2E7E}.Debug|Any CPU.ActiveCfg = Debug|Any CPU
		{79DBF313-4C4A-40B1-8B32-1B293DEB2E7E}.Debug|Any CPU.Build.0 = Debug|Any CPU
		{79DBF313-4C4A-40B1-8B32-1B293DEB2E7E}.Release|Any CPU.ActiveCfg = Release|Any CPU
		{79DBF313-4C4A-40B1-8B32-1B293DEB2E7E}.Release|Any CPU.Build.0 = Release|Any CPU
		{B92474A2-924F-4B78-8613-4B401DE998DF}.Debug|Any CPU.ActiveCfg = Debug|Any CPU
		{B92474A2-924F-4B78-8613-4B401DE998DF}.Debug|Any CPU.Build.0 = Debug|Any CPU
		{B92474A2-924F-4B78-8613-4B401DE998DF}.Release|Any CPU.ActiveCfg = Release|Any CPU
		{B92474A2-924F-4B78-8613-4B401DE998DF}.Release|Any CPU.Build.0 = Release|Any CPU
		{8E480BE3-82BB-433F-8964-F7677C143933}.Debug|Any CPU.ActiveCfg = Debug|Any CPU
		{8E480BE3-82BB-433F-8964-F7677C143933}.Debug|Any CPU.Build.0 = Debug|Any CPU
		{8E480BE3-82BB-433F-8964-F7677C143933}.Release|Any CPU.ActiveCfg = Release|Any CPU
		{8E480BE3-82BB-433F-8964-F7677C143933}.Release|Any CPU.Build.0 = Release|Any CPU
		{46157816-B238-4C4A-AA23-A8934D2CC2DF}.Debug|Any CPU.ActiveCfg = Debug|Any CPU
		{46157816-B238-4C4A-AA23-A8934D2CC2DF}.Debug|Any CPU.Build.0 = Debug|Any CPU
		{46157816-B238-4C4A-AA23-A8934D2CC2DF}.Release|Any CPU.ActiveCfg = Release|Any CPU
		{46157816-B238-4C4A-AA23-A8934D2CC2DF}.Release|Any CPU.Build.0 = Release|Any CPU
		{94BDADDC-4493-4701-852D-4BC20AB6C256}.Debug|Any CPU.ActiveCfg = Debug|Any CPU
		{94BDADDC-4493-4701-852D-4BC20AB6C256}.Debug|Any CPU.Build.0 = Debug|Any CPU
		{94BDADDC-4493-4701-852D-4BC20AB6C256}.Release|Any CPU.ActiveCfg = Release|Any CPU
		{94BDADDC-4493-4701-852D-4BC20AB6C256}.Release|Any CPU.Build.0 = Release|Any CPU
		{838A60DF-42C8-4921-B9C6-20EFBB9DD0CD}.Debug|Any CPU.ActiveCfg = Debug|Any CPU
		{838A60DF-42C8-4921-B9C6-20EFBB9DD0CD}.Debug|Any CPU.Build.0 = Debug|Any CPU
		{838A60DF-42C8-4921-B9C6-20EFBB9DD0CD}.Release|Any CPU.ActiveCfg = Release|Any CPU
		{838A60DF-42C8-4921-B9C6-20EFBB9DD0CD}.Release|Any CPU.Build.0 = Release|Any CPU
		{14673839-FC12-48B5-A703-456DEA027024}.Debug|Any CPU.ActiveCfg = Debug|Any CPU
		{14673839-FC12-48B5-A703-456DEA027024}.Debug|Any CPU.Build.0 = Debug|Any CPU
		{14673839-FC12-48B5-A703-456DEA027024}.Release|Any CPU.ActiveCfg = Release|Any CPU
		{14673839-FC12-48B5-A703-456DEA027024}.Release|Any CPU.Build.0 = Release|Any CPU
		{1D645966-40D1-4574-ABD5-3A97EAC5D088}.Debug|Any CPU.ActiveCfg = Debug|Any CPU
		{1D645966-40D1-4574-ABD5-3A97EAC5D088}.Debug|Any CPU.Build.0 = Debug|Any CPU
		{1D645966-40D1-4574-ABD5-3A97EAC5D088}.Release|Any CPU.ActiveCfg = Release|Any CPU
		{1D645966-40D1-4574-ABD5-3A97EAC5D088}.Release|Any CPU.Build.0 = Release|Any CPU
		{BD500295-A385-4313-BB91-B8C029F49830}.Debug|Any CPU.ActiveCfg = Debug|Any CPU
		{BD500295-A385-4313-BB91-B8C029F49830}.Debug|Any CPU.Build.0 = Debug|Any CPU
		{BD500295-A385-4313-BB91-B8C029F49830}.Release|Any CPU.ActiveCfg = Release|Any CPU
		{BD500295-A385-4313-BB91-B8C029F49830}.Release|Any CPU.Build.0 = Release|Any CPU
		{C67FD15D-1BDB-4F6B-BF0A-68D7A00C9955}.Debug|Any CPU.ActiveCfg = Debug|Any CPU
		{C67FD15D-1BDB-4F6B-BF0A-68D7A00C9955}.Debug|Any CPU.Build.0 = Debug|Any CPU
		{C67FD15D-1BDB-4F6B-BF0A-68D7A00C9955}.Release|Any CPU.ActiveCfg = Release|Any CPU
		{C67FD15D-1BDB-4F6B-BF0A-68D7A00C9955}.Release|Any CPU.Build.0 = Release|Any CPU
		{9D0CC762-90CE-44FB-8780-C0E91632A628}.Debug|Any CPU.ActiveCfg = Debug|Any CPU
		{9D0CC762-90CE-44FB-8780-C0E91632A628}.Debug|Any CPU.Build.0 = Debug|Any CPU
		{9D0CC762-90CE-44FB-8780-C0E91632A628}.Release|Any CPU.ActiveCfg = Release|Any CPU
		{9D0CC762-90CE-44FB-8780-C0E91632A628}.Release|Any CPU.Build.0 = Release|Any CPU
		{898DECC6-9456-45C9-914A-14498F8BAD8D}.Debug|Any CPU.ActiveCfg = Debug|Any CPU
		{898DECC6-9456-45C9-914A-14498F8BAD8D}.Debug|Any CPU.Build.0 = Debug|Any CPU
		{898DECC6-9456-45C9-914A-14498F8BAD8D}.Release|Any CPU.ActiveCfg = Release|Any CPU
		{898DECC6-9456-45C9-914A-14498F8BAD8D}.Release|Any CPU.Build.0 = Release|Any CPU
		{C2BF7AB6-230D-4307-9D1B-CBB7B1E3DFEA}.Debug|Any CPU.ActiveCfg = Debug|Any CPU
		{C2BF7AB6-230D-4307-9D1B-CBB7B1E3DFEA}.Debug|Any CPU.Build.0 = Debug|Any CPU
		{C2BF7AB6-230D-4307-9D1B-CBB7B1E3DFEA}.Release|Any CPU.ActiveCfg = Release|Any CPU
		{C2BF7AB6-230D-4307-9D1B-CBB7B1E3DFEA}.Release|Any CPU.Build.0 = Release|Any CPU
		{D4A67326-7363-4B54-A31B-5A1F43ECC05A}.Debug|Any CPU.ActiveCfg = Debug|Any CPU
		{D4A67326-7363-4B54-A31B-5A1F43ECC05A}.Debug|Any CPU.Build.0 = Debug|Any CPU
		{D4A67326-7363-4B54-A31B-5A1F43ECC05A}.Release|Any CPU.ActiveCfg = Release|Any CPU
		{D4A67326-7363-4B54-A31B-5A1F43ECC05A}.Release|Any CPU.Build.0 = Release|Any CPU
		{DE1A88AE-8514-477E-8072-8AAF5E680012}.Debug|Any CPU.ActiveCfg = Debug|Any CPU
		{DE1A88AE-8514-477E-8072-8AAF5E680012}.Debug|Any CPU.Build.0 = Debug|Any CPU
		{DE1A88AE-8514-477E-8072-8AAF5E680012}.Release|Any CPU.ActiveCfg = Release|Any CPU
		{DE1A88AE-8514-477E-8072-8AAF5E680012}.Release|Any CPU.Build.0 = Release|Any CPU
		{0C23E750-A26C-449D-9DD9-5B803132C420}.Debug|Any CPU.ActiveCfg = Debug|Any CPU
		{0C23E750-A26C-449D-9DD9-5B803132C420}.Debug|Any CPU.Build.0 = Debug|Any CPU
		{0C23E750-A26C-449D-9DD9-5B803132C420}.Release|Any CPU.ActiveCfg = Release|Any CPU
		{0C23E750-A26C-449D-9DD9-5B803132C420}.Release|Any CPU.Build.0 = Release|Any CPU
		{EB72FAA2-D75E-4213-9AEB-EEE21CF032A3}.Debug|Any CPU.ActiveCfg = Debug|Any CPU
		{EB72FAA2-D75E-4213-9AEB-EEE21CF032A3}.Debug|Any CPU.Build.0 = Debug|Any CPU
		{EB72FAA2-D75E-4213-9AEB-EEE21CF032A3}.Release|Any CPU.ActiveCfg = Release|Any CPU
		{EB72FAA2-D75E-4213-9AEB-EEE21CF032A3}.Release|Any CPU.Build.0 = Release|Any CPU
		{0D7F65C7-A23F-4184-B056-E0F2C0E80EF6}.Debug|Any CPU.ActiveCfg = Debug|Any CPU
		{0D7F65C7-A23F-4184-B056-E0F2C0E80EF6}.Debug|Any CPU.Build.0 = Debug|Any CPU
		{0D7F65C7-A23F-4184-B056-E0F2C0E80EF6}.Release|Any CPU.ActiveCfg = Release|Any CPU
		{0D7F65C7-A23F-4184-B056-E0F2C0E80EF6}.Release|Any CPU.Build.0 = Release|Any CPU
		{0735A49B-FC1A-457D-8049-AE353198A560}.Debug|Any CPU.ActiveCfg = Debug|Any CPU
		{0735A49B-FC1A-457D-8049-AE353198A560}.Debug|Any CPU.Build.0 = Debug|Any CPU
		{0735A49B-FC1A-457D-8049-AE353198A560}.Release|Any CPU.ActiveCfg = Release|Any CPU
		{0735A49B-FC1A-457D-8049-AE353198A560}.Release|Any CPU.Build.0 = Release|Any CPU
		{12A35C29-02E4-4C17-94FF-8E1EE2199E2D}.Debug|Any CPU.ActiveCfg = Debug|Any CPU
		{12A35C29-02E4-4C17-94FF-8E1EE2199E2D}.Debug|Any CPU.Build.0 = Debug|Any CPU
		{12A35C29-02E4-4C17-94FF-8E1EE2199E2D}.Release|Any CPU.ActiveCfg = Release|Any CPU
		{12A35C29-02E4-4C17-94FF-8E1EE2199E2D}.Release|Any CPU.Build.0 = Release|Any CPU
		{AD38B01C-CDFD-467E-B17F-35E5881E2633}.Debug|Any CPU.ActiveCfg = Debug|Any CPU
		{AD38B01C-CDFD-467E-B17F-35E5881E2633}.Debug|Any CPU.Build.0 = Debug|Any CPU
		{AD38B01C-CDFD-467E-B17F-35E5881E2633}.Release|Any CPU.ActiveCfg = Release|Any CPU
		{AD38B01C-CDFD-467E-B17F-35E5881E2633}.Release|Any CPU.Build.0 = Release|Any CPU
		{C500F8D5-15F3-419B-8B8A-27C31AE07B4C}.Debug|Any CPU.ActiveCfg = Debug|Any CPU
		{C500F8D5-15F3-419B-8B8A-27C31AE07B4C}.Debug|Any CPU.Build.0 = Debug|Any CPU
		{C500F8D5-15F3-419B-8B8A-27C31AE07B4C}.Release|Any CPU.ActiveCfg = Release|Any CPU
		{C500F8D5-15F3-419B-8B8A-27C31AE07B4C}.Release|Any CPU.Build.0 = Release|Any CPU
	EndGlobalSection
	GlobalSection(NestedProjects) = preSolution
		{72A6B8C2-5465-4652-B6D0-20706C156A2E} = {748302E7-6E85-41B9-8BD5-FD46335848F6}
		{42E61C7C-83F1-4E40-B3C8-8E588CAA4C48} = {748302E7-6E85-41B9-8BD5-FD46335848F6}
		{81B23DB6-9714-457F-8BEB-74011CB5405B} = {748302E7-6E85-41B9-8BD5-FD46335848F6}
		{594EB166-DCE4-4959-9F89-3C07855EE41F} = {81B23DB6-9714-457F-8BEB-74011CB5405B}
		{48599587-53A9-4A8E-805A-9D4D58FD976D} = {FB3A030B-304D-4593-8AD3-7E38A1DB9B86}
		{D8ABB662-711D-4D09-A55C-91752495B6D5} = {FB3A030B-304D-4593-8AD3-7E38A1DB9B86}
		{8FEA1A12-0AFE-42D3-A4C1-94AA2AA75C04} = {D8ABB662-711D-4D09-A55C-91752495B6D5}
		{C4FD9DCD-9908-4582-87F3-F0148D4312D9} = {748302E7-6E85-41B9-8BD5-FD46335848F6}
		{25A175A0-B792-4E2F-9A3B-1FA654EC5ECE} = {FB3A030B-304D-4593-8AD3-7E38A1DB9B86}
		{79DBF313-4C4A-40B1-8B32-1B293DEB2E7E} = {91B9CF1B-38AD-4EF8-84DC-88F722055C7B}
		{B92474A2-924F-4B78-8613-4B401DE998DF} = {FB3A030B-304D-4593-8AD3-7E38A1DB9B86}
		{8E480BE3-82BB-433F-8964-F7677C143933} = {5C09624B-5701-4B2C-885D-92828FF794C9}
		{788A63E3-D6AF-4058-945F-0BDC854679B0} = {5C09624B-5701-4B2C-885D-92828FF794C9}
		{7C6FF596-887B-4679-8DBE-8C7FB0FE07A5} = {91B9CF1B-38AD-4EF8-84DC-88F722055C7B}
		{46157816-B238-4C4A-AA23-A8934D2CC2DF} = {5C09624B-5701-4B2C-885D-92828FF794C9}
		{94BDADDC-4493-4701-852D-4BC20AB6C256} = {BB6A16AA-0CEF-471E-B3AA-BC12688CBEBE}
		{838A60DF-42C8-4921-B9C6-20EFBB9DD0CD} = {BB6A16AA-0CEF-471E-B3AA-BC12688CBEBE}
		{14673839-FC12-48B5-A703-456DEA027024} = {BB6A16AA-0CEF-471E-B3AA-BC12688CBEBE}
		{1D645966-40D1-4574-ABD5-3A97EAC5D088} = {761ECD08-C06A-4480-B360-D0ADA9CAFC92}
		{BD500295-A385-4313-BB91-B8C029F49830} = {761ECD08-C06A-4480-B360-D0ADA9CAFC92}
		{C67FD15D-1BDB-4F6B-BF0A-68D7A00C9955} = {748302E7-6E85-41B9-8BD5-FD46335848F6}
		{9D0CC762-90CE-44FB-8780-C0E91632A628} = {D1E0562D-635D-4A82-8AF2-7CEAE9E1EBCE}
		{898DECC6-9456-45C9-914A-14498F8BAD8D} = {D1E0562D-635D-4A82-8AF2-7CEAE9E1EBCE}
		{C6175912-D625-4070-827D-5E91D30D75D6} = {D1E0562D-635D-4A82-8AF2-7CEAE9E1EBCE}
		{C2BF7AB6-230D-4307-9D1B-CBB7B1E3DFEA} = {C6175912-D625-4070-827D-5E91D30D75D6}
		{D1E0562D-635D-4A82-8AF2-7CEAE9E1EBCE} = {1776206B-E2AC-4CD5-895B-72403CA26C93}
		{761ECD08-C06A-4480-B360-D0ADA9CAFC92} = {1776206B-E2AC-4CD5-895B-72403CA26C93}
		{BB6A16AA-0CEF-471E-B3AA-BC12688CBEBE} = {1776206B-E2AC-4CD5-895B-72403CA26C93}
		{5C09624B-5701-4B2C-885D-92828FF794C9} = {F94B7A1C-1631-440D-984D-4FA68101821C}
		{91B9CF1B-38AD-4EF8-84DC-88F722055C7B} = {F94B7A1C-1631-440D-984D-4FA68101821C}
		{748302E7-6E85-41B9-8BD5-FD46335848F6} = {F94B7A1C-1631-440D-984D-4FA68101821C}
		{0DDCCE8F-C8AE-4306-9D5F-D5E84BB8D7EB} = {D1E0562D-635D-4A82-8AF2-7CEAE9E1EBCE}
		{F0DA503C-2E86-41BF-8770-7FBE5FB2EEC4} = {761ECD08-C06A-4480-B360-D0ADA9CAFC92}
		{97E91264-DFBA-4BCE-97CA-300EB31A3839} = {BB6A16AA-0CEF-471E-B3AA-BC12688CBEBE}
		{D4A67326-7363-4B54-A31B-5A1F43ECC05A} = {D1E0562D-635D-4A82-8AF2-7CEAE9E1EBCE}
		{DE1A88AE-8514-477E-8072-8AAF5E680012} = {D1E0562D-635D-4A82-8AF2-7CEAE9E1EBCE}
		{0C23E750-A26C-449D-9DD9-5B803132C420} = {D1E0562D-635D-4A82-8AF2-7CEAE9E1EBCE}
		{EB72FAA2-D75E-4213-9AEB-EEE21CF032A3} = {D1E0562D-635D-4A82-8AF2-7CEAE9E1EBCE}
		{0D7F65C7-A23F-4184-B056-E0F2C0E80EF6} = {D1E0562D-635D-4A82-8AF2-7CEAE9E1EBCE}
		{0735A49B-FC1A-457D-8049-AE353198A560} = {BB6A16AA-0CEF-471E-B3AA-BC12688CBEBE}
		{12A35C29-02E4-4C17-94FF-8E1EE2199E2D} = {BB6A16AA-0CEF-471E-B3AA-BC12688CBEBE}
		{AD38B01C-CDFD-467E-B17F-35E5881E2633} = {BB6A16AA-0CEF-471E-B3AA-BC12688CBEBE}
		{E90F5E30-9B2E-4569-AEC4-DA91148F61FF} = {748302E7-6E85-41B9-8BD5-FD46335848F6}
		{C500F8D5-15F3-419B-8B8A-27C31AE07B4C} = {E90F5E30-9B2E-4569-AEC4-DA91148F61FF}
	EndGlobalSection
EndGlobal
