<Solution>
  <Configurations>
    <Platform Name="Any CPU" />
    <Platform Name="x64" />
    <Platform Name="x86" />
  </Configurations>
  <Folder Name="/src/">
    <Project Path="Fip.Strive.AppHost/Fip.Strive.AppHost.csproj" />
    <Project Path="Fip.Strive.Application/Fip.Strive.Application.csproj" />
    <Project Path="Fip.Strive.Web/Fip.Strive.Web.csproj" />
  </Folder>
  <Folder Name="/test/">
    <Project Path="Fip.Strive.Application.UnitTests/Fip.Strive.Application.UnitTests.csproj" />
    <Project Path="Fip.Strive.IntegrationTests/Fip.Strive.IntegrationTests.csproj" />
  </Folder>
</Solution>
